
Microsoft Visual Studio Solution File, Format Version 12.00
# Visual Studio Version 17
VisualStudioVersion = 17.0.31903.59
MinimumVisualStudioVersion = 10.0.40219.1
Project("{FAE04EC0-301F-11D3-BF4B-00C04F79EFBC}") = "Checkmark.API", "Checkmark.API\Checkmark.API.csproj", "{453B3B32-EEB2-4003-A4D0-B7E3BB86E023}"
EndProject
Project("{FAE04EC0-301F-11D3-BF4B-00C04F79EFBC}") = "Checkmark.API.Tests", "Checkmark.API.Tests\Checkmark.API.Tests.csproj", "{C1D887C4-F11F-4AB3-8A78-D0F770E9FDBA}"
EndProject
Global
	GlobalSection(SolutionConfigurationPlatforms) = preSolution
		Debug|Any CPU = Debug|Any CPU
		Debug|x64 = Debug|x64
		Debug|x86 = Debug|x86
		Release|Any CPU = Release|Any CPU
		Release|x64 = Release|x64
		Release|x86 = Release|x86
	EndGlobalSection
	GlobalSection(ProjectConfigurationPlatforms) = postSolution
		{453B3B32-EEB2-4003-A4D0-B7E3BB86E023}.Debug|Any CPU.ActiveCfg = Debug|Any CPU
		{453B3B32-EEB2-4003-A4D0-B7E3BB86E023}.Debug|Any CPU.Build.0 = Debug|Any CPU
		{453B3B32-EEB2-4003-A4D0-B7E3BB86E023}.Debug|x64.ActiveCfg = Debug|Any CPU
		{453B3B32-EEB2-4003-A4D0-B7E3BB86E023}.Debug|x64.Build.0 = Debug|Any CPU
		{453B3B32-EEB2-4003-A4D0-B7E3BB86E023}.Debug|x86.ActiveCfg = Debug|Any CPU
		{453B3B32-EEB2-4003-A4D0-B7E3BB86E023}.Debug|x86.Build.0 = Debug|Any CPU
		{453B3B32-EEB2-4003-A4D0-B7E3BB86E023}.Release|Any CPU.ActiveCfg = Release|Any CPU
		{453B3B32-EEB2-4003-A4D0-B7E3BB86E023}.Release|Any CPU.Build.0 = Release|Any CPU
		{453B3B32-EEB2-4003-A4D0-B7E3BB86E023}.Release|x64.ActiveCfg = Release|Any CPU
		{453B3B32-EEB2-4003-A4D0-B7E3BB86E023}.Release|x64.Build.0 = Release|Any CPU
		{453B3B32-EEB2-4003-A4D0-B7E3BB86E023}.Release|x86.ActiveCfg = Release|Any CPU
		{453B3B32-EEB2-4003-A4D0-B7E3BB86E023}.Release|x86.Build.0 = Release|Any CPU
		{C1D887C4-F11F-4AB3-8A78-D0F770E9FDBA}.Debug|Any CPU.ActiveCfg = Debug|Any CPU
		{C1D887C4-F11F-4AB3-8A78-D0F770E9FDBA}.Debug|Any CPU.Build.0 = Debug|Any CPU
		{C1D887C4-F11F-4AB3-8A78-D0F770E9FDBA}.Debug|x64.ActiveCfg = Debug|Any CPU
		{C1D887C4-F11F-4AB3-8A78-D0F770E9FDBA}.Debug|x64.Build.0 = Debug|Any CPU
		{C1D887C4-F11F-4AB3-8A78-D0F770E9FDBA}.Debug|x86.ActiveCfg = Debug|Any CPU
		{C1D887C4-F11F-4AB3-8A78-D0F770E9FDBA}.Debug|x86.Build.0 = Debug|Any CPU
		{C1D887C4-F11F-4AB3-8A78-D0F770E9FDBA}.Release|Any CPU.ActiveCfg = Release|Any CPU
		{C1D887C4-F11F-4AB3-8A78-D0F770E9FDBA}.Release|Any CPU.Build.0 = Release|Any CPU
		{C1D887C4-F11F-4AB3-8A78-D0F770E9FDBA}.Release|x64.ActiveCfg = Release|Any CPU
		{C1D887C4-F11F-4AB3-8A78-D0F770E9FDBA}.Release|x64.Build.0 = Release|Any CPU
		{C1D887C4-F11F-4AB3-8A78-D0F770E9FDBA}.Release|x86.ActiveCfg = Release|Any CPU
		{C1D887C4-F11F-4AB3-8A78-D0F770E9FDBA}.Release|x86.Build.0 = Release|Any CPU
	EndGlobalSection
	GlobalSection(SolutionProperties) = preSolution
		HideSolutionNode = FALSE
	EndGlobalSection
EndGlobal
